
Microsoft Visual Studio Solution File, Format Version 12.00
# Visual Studio Version 16
VisualStudioVersion = 16.0.30611.23
MinimumVisualStudioVersion = 10.0.40219.1
Project("{FAE04EC0-301F-11D3-BF4B-00C04F79EFBC}") = "StarRocket", "StarRocket\StarRocket.csproj", "{B924FA7F-725E-4598-9CDC-076F05F664EB}"
EndProject
Global
	GlobalSection(SolutionConfigurationPlatforms) = preSolution
		Debug|Any CPU = Debug|Any CPU
		Release|Any CPU = Release|Any CPU
	EndGlobalSection
	GlobalSection(ProjectConfigurationPlatforms) = postSolution
		{B924FA7F-725E-4598-9CDC-076F05F664EB}.Debug|Any CPU.ActiveCfg = Debug|Any CPU
		{B924FA7F-725E-4598-9CDC-076F05F664EB}.Debug|Any CPU.Build.0 = Debug|Any CPU
		{B924FA7F-725E-4598-9CDC-076F05F664EB}.Release|Any CPU.ActiveCfg = Release|Any CPU
		{B924FA7F-725E-4598-9CDC-076F05F664EB}.Release|Any CPU.Build.0 = Release|Any CPU
	EndGlobalSection
	GlobalSection(SolutionProperties) = preSolution
		HideSolutionNode = FALSE
	EndGlobalSection
	GlobalSection(ExtensibilityGlobals) = postSolution
		SolutionGuid = {E3B7D2BC-72EC-4608-A4DC-214054501B10}
	EndGlobalSection
EndGlobal
